
Microsoft Visual Studio Solution File, Format Version 12.00
# Visual Studio 15
VisualStudioVersion = 15.0.27703.2042
MinimumVisualStudioVersion = 10.0.40219.1
Project("{FAE04EC0-301F-11D3-BF4B-00C04F79EFBC}") = "MVC_WebCargoRequestHandler", "MVC_WebCargoRequestHandler\MVC_WebCargoRequestHandler.csproj", "{92E85F90-1AC0-4917-AD54-DA60CF5D694E}"
EndProject
Global
	GlobalSection(SolutionConfigurationPlatforms) = preSolution
		Debug|Any CPU = Debug|Any CPU
		Release|Any CPU = Release|Any CPU
	EndGlobalSection
	GlobalSection(ProjectConfigurationPlatforms) = postSolution
		{92E85F90-1AC0-4917-AD54-DA60CF5D694E}.Debug|Any CPU.ActiveCfg = Debug|Any CPU
		{92E85F90-1AC0-4917-AD54-DA60CF5D694E}.Debug|Any CPU.Build.0 = Debug|Any CPU
		{92E85F90-1AC0-4917-AD54-DA60CF5D694E}.Release|Any CPU.ActiveCfg = Release|Any CPU
		{92E85F90-1AC0-4917-AD54-DA60CF5D694E}.Release|Any CPU.Build.0 = Release|Any CPU
	EndGlobalSection
	GlobalSection(SolutionProperties) = preSolution
		HideSolutionNode = FALSE
	EndGlobalSection
	GlobalSection(ExtensibilityGlobals) = postSolution
		SolutionGuid = {9367AACE-C526-47DD-A331-40540C58973D}
	EndGlobalSection
EndGlobal
